// !$*UTF8*$!
{
	archiveVersion = 1;
	classes = {
	};
	objectVersion = 50;
	objects = {

/* Begin PBXBuildFile section */
		F734DD7E254150BF002ED5E1 /* HowToSplit.swift in Sources */ = {isa = PBXBuildFile; fileRef = F734DD7D254150BF002ED5E1 /* HowToSplit.swift */; };
		F734DD8125415687002ED5E1 /* PercentageSplit.swift in Sources */ = {isa = PBXBuildFile; fileRef = F734DD8025415687002ED5E1 /* PercentageSplit.swift */; };
		F734DD84254156C3002ED5E1 /* ItemizedSplit.swift in Sources */ = {isa = PBXBuildFile; fileRef = F734DD83254156C3002ED5E1 /* ItemizedSplit.swift */; };
		F734DD87254156FC002ED5E1 /* CustomSplit.swift in Sources */ = {isa = PBXBuildFile; fileRef = F734DD86254156FC002ED5E1 /* CustomSplit.swift */; };
		F7AFC9EE253FFFF800C4F9A8 /* Split_The_BillApp.swift in Sources */ = {isa = PBXBuildFile; fileRef = F7AFC9ED253FFFF800C4F9A8 /* Split_The_BillApp.swift */; };
		F7AFC9F0253FFFF800C4F9A8 /* SimpleSplit.swift in Sources */ = {isa = PBXBuildFile; fileRef = F7AFC9EF253FFFF800C4F9A8 /* SimpleSplit.swift */; };
		F7AFC9F2253FFFFA00C4F9A8 /* Assets.xcassets in Resources */ = {isa = PBXBuildFile; fileRef = F7AFC9F1253FFFFA00C4F9A8 /* Assets.xcassets */; };
		F7AFC9F5253FFFFA00C4F9A8 /* Preview Assets.xcassets in Resources */ = {isa = PBXBuildFile; fileRef = F7AFC9F4253FFFFA00C4F9A8 /* Preview Assets.xcassets */; };
/* End PBXBuildFile section */

/* Begin PBXFileReference section */
		F734DD7D254150BF002ED5E1 /* HowToSplit.swift */ = {isa = PBXFileReference; lastKnownFileType = sourcecode.swift; path = HowToSplit.swift; sourceTree = "<group>"; };
		F734DD8025415687002ED5E1 /* PercentageSplit.swift */ = {isa = PBXFileReference; lastKnownFileType = sourcecode.swift; path = PercentageSplit.swift; sourceTree = "<group>"; };
		F734DD83254156C3002ED5E1 /* ItemizedSplit.swift */ = {isa = PBXFileReference; lastKnownFileType = sourcecode.swift; path = ItemizedSplit.swift; sourceTree = "<group>"; };
		F734DD86254156FC002ED5E1 /* CustomSplit.swift */ = {isa = PBXFileReference; lastKnownFileType = sourcecode.swift; path = CustomSplit.swift; sourceTree = "<group>"; };
		F7AFC9EA253FFFF800C4F9A8 /* Split The Bill.app */ = {isa = PBXFileReference; explicitFileType = wrapper.application; includeInIndex = 0; path = "Split The Bill.app"; sourceTree = BUILT_PRODUCTS_DIR; };
		F7AFC9ED253FFFF800C4F9A8 /* Split_The_BillApp.swift */ = {isa = PBXFileReference; lastKnownFileType = sourcecode.swift; path = Split_The_BillApp.swift; sourceTree = "<group>"; };
		F7AFC9EF253FFFF800C4F9A8 /* SimpleSplit.swift */ = {isa = PBXFileReference; lastKnownFileType = sourcecode.swift; path = SimpleSplit.swift; sourceTree = "<group>"; };
		F7AFC9F1253FFFFA00C4F9A8 /* Assets.xcassets */ = {isa = PBXFileReference; lastKnownFileType = folder.assetcatalog; path = Assets.xcassets; sourceTree = "<group>"; };
		F7AFC9F4253FFFFA00C4F9A8 /* Preview Assets.xcassets */ = {isa = PBXFileReference; lastKnownFileType = folder.assetcatalog; path = "Preview Assets.xcassets"; sourceTree = "<group>"; };
		F7AFC9F6253FFFFA00C4F9A8 /* Info.plist */ = {isa = PBXFileReference; lastKnownFileType = text.plist.xml; path = Info.plist; sourceTree = "<group>"; };
/* End PBXFileReference section */

/* Begin PBXFrameworksBuildPhase section */
		F7AFC9E7253FFFF800C4F9A8 /* Frameworks */ = {
			isa = PBXFrameworksBuildPhase;
			buildActionMask = 2147483647;
			files = (
			);
			runOnlyForDeploymentPostprocessing = 0;
		};
/* End PBXFrameworksBuildPhase section */

/* Begin PBXGroup section */
		F7AFC9E1253FFFF800C4F9A8 = {
			isa = PBXGroup;
			children = (
				F7AFC9EC253FFFF800C4F9A8 /* Split The Bill */,
				F7AFC9EB253FFFF800C4F9A8 /* Products */,
			);
			sourceTree = "<group>";
		};
		F7AFC9EB253FFFF800C4F9A8 /* Products */ = {
			isa = PBXGroup;
			children = (
				F7AFC9EA253FFFF800C4F9A8 /* Split The Bill.app */,
			);
			name = Products;
			sourceTree = "<group>";
		};
		F7AFC9EC253FFFF800C4F9A8 /* Split The Bill */ = {
			isa = PBXGroup;
			children = (
				F7AFC9ED253FFFF800C4F9A8 /* Split_The_BillApp.swift */,
				F734DD7D254150BF002ED5E1 /* HowToSplit.swift */,
				F7AFC9EF253FFFF800C4F9A8 /* SimpleSplit.swift */,
				F734DD8025415687002ED5E1 /* PercentageSplit.swift */,
				F734DD83254156C3002ED5E1 /* ItemizedSplit.swift */,
				F734DD86254156FC002ED5E1 /* CustomSplit.swift */,
				F7AFC9F1253FFFFA00C4F9A8 /* Assets.xcassets */,
				F7AFC9F6253FFFFA00C4F9A8 /* Info.plist */,
				F7AFC9F3253FFFFA00C4F9A8 /* Preview Content */,
			);
			path = "Split The Bill";
			sourceTree = "<group>";
		};
		F7AFC9F3253FFFFA00C4F9A8 /* Preview Content */ = {
			isa = PBXGroup;
			children = (
				F7AFC9F4253FFFFA00C4F9A8 /* Preview Assets.xcassets */,
			);
			path = "Preview Content";
			sourceTree = "<group>";
		};
/* End PBXGroup section */

/* Begin PBXNativeTarget section */
		F7AFC9E9253FFFF800C4F9A8 /* Split The Bill */ = {
			isa = PBXNativeTarget;
			buildConfigurationList = F7AFC9F9253FFFFA00C4F9A8 /* Build configuration list for PBXNativeTarget "Split The Bill" */;
			buildPhases = (
				F7AFC9E6253FFFF800C4F9A8 /* Sources */,
				F7AFC9E7253FFFF800C4F9A8 /* Frameworks */,
				F7AFC9E8253FFFF800C4F9A8 /* Resources */,
			);
			buildRules = (
			);
			dependencies = (
			);
			name = "Split The Bill";
			productName = "Split The Bill";
			productReference = F7AFC9EA253FFFF800C4F9A8 /* Split The Bill.app */;
			productType = "com.apple.product-type.application";
		};
/* End PBXNativeTarget section */

/* Begin PBXProject section */
		F7AFC9E2253FFFF800C4F9A8 /* Project object */ = {
			isa = PBXProject;
			attributes = {
				LastSwiftUpdateCheck = 1200;
				LastUpgradeCheck = 1200;
				TargetAttributes = {
					F7AFC9E9253FFFF800C4F9A8 = {
						CreatedOnToolsVersion = 12.0.1;
					};
				};
			};
			buildConfigurationList = F7AFC9E5253FFFF800C4F9A8 /* Build configuration list for PBXProject "Split The Bill" */;
			compatibilityVersion = "Xcode 9.3";
			developmentRegion = en;
			hasScannedForEncodings = 0;
			knownRegions = (
				en,
				Base,
			);
			mainGroup = F7AFC9E1253FFFF800C4F9A8;
			productRefGroup = F7AFC9EB253FFFF800C4F9A8 /* Products */;
			projectDirPath = "";
			projectRoot = "";
			targets = (
				F7AFC9E9253FFFF800C4F9A8 /* Split The Bill */,
			);
		};
/* End PBXProject section */

/* Begin PBXResourcesBuildPhase section */
		F7AFC9E8253FFFF800C4F9A8 /* Resources */ = {
			isa = PBXResourcesBuildPhase;
			buildActionMask = 2147483647;
			files = (
				F7AFC9F5253FFFFA00C4F9A8 /* Preview Assets.xcassets in Resources */,
				F7AFC9F2253FFFFA00C4F9A8 /* Assets.xcassets in Resources */,
			);
			runOnlyForDeploymentPostprocessing = 0;
		};
/* End PBXResourcesBuildPhase section */

/* Begin PBXSourcesBuildPhase section */
		F7AFC9E6253FFFF800C4F9A8 /* Sources */ = {
			isa = PBXSourcesBuildPhase;
			buildActionMask = 2147483647;
			files = (
				F7AFC9F0253FFFF800C4F9A8 /* SimpleSplit.swift in Sources */,
				F734DD84254156C3002ED5E1 /* ItemizedSplit.swift in Sources */,
				F734DD7E254150BF002ED5E1 /* HowToSplit.swift in Sources */,
				F734DD87254156FC002ED5E1 /* CustomSplit.swift in Sources */,
				F734DD8125415687002ED5E1 /* PercentageSplit.swift in Sources */,
				F7AFC9EE253FFFF800C4F9A8 /* Split_The_BillApp.swift in Sources */,
			);
			runOnlyForDeploymentPostprocessing = 0;
		};
/* End PBXSourcesBuildPhase section */

/* Begin XCBuildConfiguration section */
		F7AFC9F7253FFFFA00C4F9A8 /* Debug */ = {
			isa = XCBuildConfiguration;
			buildSettings = {
				ALWAYS_SEARCH_USER_PATHS = NO;
				CLANG_ANALYZER_NONNULL = YES;
				CLANG_ANALYZER_NUMBER_OBJECT_CONVERSION = YES_AGGRESSIVE;
				CLANG_CXX_LANGUAGE_STANDARD = "gnu++14";
				CLANG_CXX_LIBRARY = "libc++";
				CLANG_ENABLE_MODULES = YES;
				CLANG_ENABLE_OBJC_ARC = YES;
				CLANG_ENABLE_OBJC_WEAK = YES;
				CLANG_WARN_BLOCK_CAPTURE_AUTORELEASING = YES;
				CLANG_WARN_BOOL_CONVERSION = YES;
				CLANG_WARN_COMMA = YES;
				CLANG_WARN_CONSTANT_CONVERSION = YES;
				CLANG_WARN_DEPRECATED_OBJC_IMPLEMENTATIONS = YES;
				CLANG_WARN_DIRECT_OBJC_ISA_USAGE = YES_ERROR;
				CLANG_WARN_DOCUMENTATION_COMMENTS = YES;
				CLANG_WARN_EMPTY_BODY = YES;
				CLANG_WARN_ENUM_CONVERSION = YES;
				CLANG_WARN_INFINITE_RECURSION = YES;
				CLANG_WARN_INT_CONVERSION = YES;
				CLANG_WARN_NON_LITERAL_NULL_CONVERSION = YES;
				CLANG_WARN_OBJC_IMPLICIT_RETAIN_SELF = YES;
				CLANG_WARN_OBJC_LITERAL_CONVERSION = YES;
				CLANG_WARN_OBJC_ROOT_CLASS = YES_ERROR;
				CLANG_WARN_QUOTED_INCLUDE_IN_FRAMEWORK_HEADER = YES;
				CLANG_WARN_RANGE_LOOP_ANALYSIS = YES;
				CLANG_WARN_STRICT_PROTOTYPES = YES;
				CLANG_WARN_SUSPICIOUS_MOVE = YES;
				CLANG_WARN_UNGUARDED_AVAILABILITY = YES_AGGRESSIVE;
				CLANG_WARN_UNREACHABLE_CODE = YES;
				CLANG_WARN__DUPLICATE_METHOD_MATCH = YES;
				COPY_PHASE_STRIP = NO;
				DEBUG_INFORMATION_FORMAT = dwarf;
				ENABLE_STRICT_OBJC_MSGSEND = YES;
				ENABLE_TESTABILITY = YES;
				GCC_C_LANGUAGE_STANDARD = gnu11;
				GCC_DYNAMIC_NO_PIC = NO;
				GCC_NO_COMMON_BLOCKS = YES;
				GCC_OPTIMIZATION_LEVEL = 0;
				GCC_PREPROCESSOR_DEFINITIONS = (
					"DEBUG=1",
					"$(inherited)",
				);
				GCC_WARN_64_TO_32_BIT_CONVERSION = YES;
				GCC_WARN_ABOUT_RETURN_TYPE = YES_ERROR;
				GCC_WARN_UNDECLARED_SELECTOR = YES;
				GCC_WARN_UNINITIALIZED_AUTOS = YES_AGGRESSIVE;
				GCC_WARN_UNUSED_FUNCTION = YES;
				GCC_WARN_UNUSED_VARIABLE = YES;
				IPHONEOS_DEPLOYMENT_TARGET = 14.0;
				MTL_ENABLE_DEBUG_INFO = INCLUDE_SOURCE;
				MTL_FAST_MATH = YES;
				ONLY_ACTIVE_ARCH = YES;
				SDKROOT = iphoneos;
				SWIFT_ACTIVE_COMPILATION_CONDITIONS = DEBUG;
				SWIFT_OPTIMIZATION_LEVEL = "-Onone";
			};
			name = Debug;
		};
		F7AFC9F8253FFFFA00C4F9A8 /* Release */ = {
			isa = XCBuildConfiguration;
			buildSettings = {
				ALWAYS_SEARCH_USER_PATHS = NO;
				CLANG_ANALYZER_NONNULL = YES;
				CLANG_ANALYZER_NUMBER_OBJECT_CONVERSION = YES_AGGRESSIVE;
				CLANG_CXX_LANGUAGE_STANDARD = "gnu++14";
				CLANG_CXX_LIBRARY = "libc++";
				CLANG_ENABLE_MODULES = YES;
				CLANG_ENABLE_OBJC_ARC = YES;
				CLANG_ENABLE_OBJC_WEAK = YES;
				CLANG_WARN_BLOCK_CAPTURE_AUTORELEASING = YES;
				CLANG_WARN_BOOL_CONVERSION = YES;
				CLANG_WARN_COMMA = YES;
				CLANG_WARN_CONSTANT_CONVERSION = YES;
				CLANG_WARN_DEPRECATED_OBJC_IMPLEMENTATIONS = YES;
				CLANG_WARN_DIRECT_OBJC_ISA_USAGE = YES_ERROR;
				CLANG_WARN_DOCUMENTATION_COMMENTS = YES;
				CLANG_WARN_EMPTY_BODY = YES;
				CLANG_WARN_ENUM_CONVERSION = YES;
				CLANG_WARN_INFINITE_RECURSION = YES;
				CLANG_WARN_INT_CONVERSION = YES;
				CLANG_WARN_NON_LITERAL_NULL_CONVERSION = YES;
				CLANG_WARN_OBJC_IMPLICIT_RETAIN_SELF = YES;
				CLANG_WARN_OBJC_LITERAL_CONVERSION = YES;
				CLANG_WARN_OBJC_ROOT_CLASS = YES_ERROR;
				CLANG_WARN_QUOTED_INCLUDE_IN_FRAMEWORK_HEADER = YES;
				CLANG_WARN_RANGE_LOOP_ANALYSIS = YES;
				CLANG_WARN_STRICT_PROTOTYPES = YES;
				CLANG_WARN_SUSPICIOUS_MOVE = YES;
				CLANG_WARN_UNGUARDED_AVAILABILITY = YES_AGGRESSIVE;
				CLANG_WARN_UNREACHABLE_CODE = YES;
				CLANG_WARN__DUPLICATE_METHOD_MATCH = YES;
				COPY_PHASE_STRIP = NO;
				DEBUG_INFORMATION_FORMAT = "dwarf-with-dsym";
				ENABLE_NS_ASSERTIONS = NO;
				ENABLE_STRICT_OBJC_MSGSEND = YES;
				GCC_C_LANGUAGE_STANDARD = gnu11;
				GCC_NO_COMMON_BLOCKS = YES;
				GCC_WARN_64_TO_32_BIT_CONVERSION = YES;
				GCC_WARN_ABOUT_RETURN_TYPE = YES_ERROR;
				GCC_WARN_UNDECLARED_SELECTOR = YES;
				GCC_WARN_UNINITIALIZED_AUTOS = YES_AGGRESSIVE;
				GCC_WARN_UNUSED_FUNCTION = YES;
				GCC_WARN_UNUSED_VARIABLE = YES;
				IPHONEOS_DEPLOYMENT_TARGET = 14.0;
				MTL_ENABLE_DEBUG_INFO = NO;
				MTL_FAST_MATH = YES;
				SDKROOT = iphoneos;
				SWIFT_COMPILATION_MODE = wholemodule;
				SWIFT_OPTIMIZATION_LEVEL = "-O";
				VALIDATE_PRODUCT = YES;
			};
			name = Release;
		};
		F7AFC9FA253FFFFA00C4F9A8 /* Debug */ = {
			isa = XCBuildConfiguration;
			buildSettings = {
				ASSETCATALOG_COMPILER_APPICON_NAME = AppIcon;
				ASSETCATALOG_COMPILER_GLOBAL_ACCENT_COLOR_NAME = AccentColor;
				CODE_SIGN_STYLE = Automatic;
				DEVELOPMENT_ASSET_PATHS = "\"Split The Bill/Preview Content\"";
				DEVELOPMENT_TEAM = X6UDXQ379Z;
				ENABLE_PREVIEWS = YES;
				INFOPLIST_FILE = "Split The Bill/Info.plist";
				IPHONEOS_DEPLOYMENT_TARGET = 14.0;
				LD_RUNPATH_SEARCH_PATHS = (
					"$(inherited)",
					"@executable_path/Frameworks",
				);
				PRODUCT_BUNDLE_IDENTIFIER = "des.Split-The-Bill";
				PRODUCT_NAME = "$(TARGET_NAME)";
				SWIFT_VERSION = 5.0;
				TARGETED_DEVICE_FAMILY = "1,2";
			};
			name = Debug;
		};
		F7AFC9FB253FFFFA00C4F9A8 /* Release */ = {
			isa = XCBuildConfiguration;
			buildSettings = {
				ASSETCATALOG_COMPILER_APPICON_NAME = AppIcon;
				ASSETCATALOG_COMPILER_GLOBAL_ACCENT_COLOR_NAME = AccentColor;
				CODE_SIGN_STYLE = Automatic;
				DEVELOPMENT_ASSET_PATHS = "\"Split The Bill/Preview Content\"";
				DEVELOPMENT_TEAM = X6UDXQ379Z;
				ENABLE_PREVIEWS = YES;
				INFOPLIST_FILE = "Split The Bill/Info.plist";
				IPHONEOS_DEPLOYMENT_TARGET = 14.0;
				LD_RUNPATH_SEARCH_PATHS = (
					"$(inherited)",
					"@executable_path/Frameworks",
				);
				PRODUCT_BUNDLE_IDENTIFIER = "des.Split-The-Bill";
				PRODUCT_NAME = "$(TARGET_NAME)";
				SWIFT_VERSION = 5.0;
				TARGETED_DEVICE_FAMILY = "1,2";
			};
			name = Release;
		};
/* End XCBuildConfiguration section */

/* Begin XCConfigurationList section */
		F7AFC9E5253FFFF800C4F9A8 /* Build configuration list for PBXProject "Split The Bill" */ = {
			isa = XCConfigurationList;
			buildConfigurations = (
				F7AFC9F7253FFFFA00C4F9A8 /* Debug */,
				F7AFC9F8253FFFFA00C4F9A8 /* Release */,
			);
			defaultConfigurationIsVisible = 0;
			defaultConfigurationName = Release;
		};
		F7AFC9F9253FFFFA00C4F9A8 /* Build configuration list for PBXNativeTarget "Split The Bill" */ = {
			isa = XCConfigurationList;
			buildConfigurations = (
				F7AFC9FA253FFFFA00C4F9A8 /* Debug */,
				F7AFC9FB253FFFFA00C4F9A8 /* Release */,
			);
			defaultConfigurationIsVisible = 0;
			defaultConfigurationName = Release;
		};
/* End XCConfigurationList section */
	};
	rootObject = F7AFC9E2253FFFF800C4F9A8 /* Project object */;
}
